// !$*UTF8*$!
{
	archiveVersion = 1;
	classes = {
	};
	objectVersion = 51;
	objects = {

/* Begin PBXBuildFile section */
		3EEACA2AAC13CA2736476339 /* Pods_Collec.framework in Frameworks */ = {isa = PBXBuildFile; fileRef = A6B24593DBF9D101EFF61AEF /* Pods_Collec.framework */; };
		72EDA814242FA51D0098947D /* AppDelegate.swift in Sources */ = {isa = PBXBuildFile; fileRef = 72EDA813242FA51D0098947D /* AppDelegate.swift */; };
		72EDA816242FA51D0098947D /* SceneDelegate.swift in Sources */ = {isa = PBXBuildFile; fileRef = 72EDA815242FA51D0098947D /* SceneDelegate.swift */; };
		72EDA818242FA51D0098947D /* ViewController.swift in Sources */ = {isa = PBXBuildFile; fileRef = 72EDA817242FA51D0098947D /* ViewController.swift */; };
		72EDA81B242FA51D0098947D /* Main.storyboard in Resources */ = {isa = PBXBuildFile; fileRef = 72EDA819242FA51D0098947D /* Main.storyboard */; };
		72EDA81D242FA5210098947D /* Assets.xcassets in Resources */ = {isa = PBXBuildFile; fileRef = 72EDA81C242FA5210098947D /* Assets.xcassets */; };
		72EDA820242FA5210098947D /* LaunchScreen.storyboard in Resources */ = {isa = PBXBuildFile; fileRef = 72EDA81E242FA5210098947D /* LaunchScreen.storyboard */; };
		72EDA829242FA6940098947D /* photoCell.swift in Sources */ = {isa = PBXBuildFile; fileRef = 72EDA827242FA6940098947D /* photoCell.swift */; };
		72EDA82A242FA6940098947D /* photoCell.xib in Resources */ = {isa = PBXBuildFile; fileRef = 72EDA828242FA6940098947D /* photoCell.xib */; };
/* End PBXBuildFile section */

/* Begin PBXFileReference section */
		72EDA810242FA51D0098947D /* Collec.app */ = {isa = PBXFileReference; explicitFileType = wrapper.application; includeInIndex = 0; path = Collec.app; sourceTree = BUILT_PRODUCTS_DIR; };
		72EDA813242FA51D0098947D /* AppDelegate.swift */ = {isa = PBXFileReference; lastKnownFileType = sourcecode.swift; path = AppDelegate.swift; sourceTree = "<group>"; };
		72EDA815242FA51D0098947D /* SceneDelegate.swift */ = {isa = PBXFileReference; lastKnownFileType = sourcecode.swift; path = SceneDelegate.swift; sourceTree = "<group>"; };
		72EDA817242FA51D0098947D /* ViewController.swift */ = {isa = PBXFileReference; lastKnownFileType = sourcecode.swift; path = ViewController.swift; sourceTree = "<group>"; };
		72EDA81A242FA51D0098947D /* Base */ = {isa = PBXFileReference; lastKnownFileType = file.storyboard; name = Base; path = Base.lproj/Main.storyboard; sourceTree = "<group>"; };
		72EDA81C242FA5210098947D /* Assets.xcassets */ = {isa = PBXFileReference; lastKnownFileType = folder.assetcatalog; path = Assets.xcassets; sourceTree = "<group>"; };
		72EDA81F242FA5210098947D /* Base */ = {isa = PBXFileReference; lastKnownFileType = file.storyboard; name = Base; path = Base.lproj/LaunchScreen.storyboard; sourceTree = "<group>"; };
		72EDA821242FA5210098947D /* Info.plist */ = {isa = PBXFileReference; lastKnownFileType = text.plist.xml; path = Info.plist; sourceTree = "<group>"; };
		72EDA827242FA6940098947D /* photoCell.swift */ = {isa = PBXFileReference; lastKnownFileType = sourcecode.swift; path = photoCell.swift; sourceTree = "<group>"; };
		72EDA828242FA6940098947D /* photoCell.xib */ = {isa = PBXFileReference; lastKnownFileType = file.xib; path = photoCell.xib; sourceTree = "<group>"; };
		A6B24593DBF9D101EFF61AEF /* Pods_Collec.framework */ = {isa = PBXFileReference; explicitFileType = wrapper.framework; includeInIndex = 0; path = Pods_Collec.framework; sourceTree = BUILT_PRODUCTS_DIR; };
		ABE57D276DF7DC7DC0386BA0 /* Pods-Collec.debug.xcconfig */ = {isa = PBXFileReference; includeInIndex = 1; lastKnownFileType = text.xcconfig; name = "Pods-Collec.debug.xcconfig"; path = "Target Support Files/Pods-Collec/Pods-Collec.debug.xcconfig"; sourceTree = "<group>"; };
		EDB05A83587323CC3B168C79 /* Pods-Collec.release.xcconfig */ = {isa = PBXFileReference; includeInIndex = 1; lastKnownFileType = text.xcconfig; name = "Pods-Collec.release.xcconfig"; path = "Target Support Files/Pods-Collec/Pods-Collec.release.xcconfig"; sourceTree = "<group>"; };
/* End PBXFileReference section */

/* Begin PBXFrameworksBuildPhase section */
		72EDA80D242FA51D0098947D /* Frameworks */ = {
			isa = PBXFrameworksBuildPhase;
			buildActionMask = 2147483647;
			files = (
				3EEACA2AAC13CA2736476339 /* Pods_Collec.framework in Frameworks */,
			);
			runOnlyForDeploymentPostprocessing = 0;
		};
/* End PBXFrameworksBuildPhase section */

/* Begin PBXGroup section */
		72EDA807242FA51D0098947D = {
			isa = PBXGroup;
			children = (
				72EDA812242FA51D0098947D /* Collec */,
				72EDA811242FA51D0098947D /* Products */,
				87BC52368ED3ED6E3F09DE92 /* Pods */,
				B7B18135CD7619C397813AB5 /* Frameworks */,
			);
			sourceTree = "<group>";
		};
		72EDA811242FA51D0098947D /* Products */ = {
			isa = PBXGroup;
			children = (
				72EDA810242FA51D0098947D /* Collec.app */,
			);
			name = Products;
			sourceTree = "<group>";
		};
		72EDA812242FA51D0098947D /* Collec */ = {
			isa = PBXGroup;
			children = (
				72EDA813242FA51D0098947D /* AppDelegate.swift */,
				72EDA815242FA51D0098947D /* SceneDelegate.swift */,
				72EDA817242FA51D0098947D /* ViewController.swift */,
				72EDA827242FA6940098947D /* photoCell.swift */,
				72EDA828242FA6940098947D /* photoCell.xib */,
				72EDA819242FA51D0098947D /* Main.storyboard */,
				72EDA81C242FA5210098947D /* Assets.xcassets */,
				72EDA81E242FA5210098947D /* LaunchScreen.storyboard */,
				72EDA821242FA5210098947D /* Info.plist */,
			);
			path = Collec;
			sourceTree = "<group>";
		};
		87BC52368ED3ED6E3F09DE92 /* Pods */ = {
			isa = PBXGroup;
			children = (
				ABE57D276DF7DC7DC0386BA0 /* Pods-Collec.debug.xcconfig */,
				EDB05A83587323CC3B168C79 /* Pods-Collec.release.xcconfig */,
			);
			path = Pods;
			sourceTree = "<group>";
		};
		B7B18135CD7619C397813AB5 /* Frameworks */ = {
			isa = PBXGroup;
			children = (
				A6B24593DBF9D101EFF61AEF /* Pods_Collec.framework */,
			);
			name = Frameworks;
			sourceTree = "<group>";
		};
/* End PBXGroup section */

/* Begin PBXNativeTarget section */
		72EDA80F242FA51D0098947D /* Collec */ = {
			isa = PBXNativeTarget;
			buildConfigurationList = 72EDA824242FA5210098947D /* Build configuration list for PBXNativeTarget "Collec" */;
			buildPhases = (
				97DA2288FF5A00532DE6312B /* [CP] Check Pods Manifest.lock */,
				72EDA80C242FA51D0098947D /* Sources */,
				72EDA80D242FA51D0098947D /* Frameworks */,
				72EDA80E242FA51D0098947D /* Resources */,
				7C4429101E8352B6F18525C7 /* [CP] Embed Pods Frameworks */,
			);
			buildRules = (
			);
			dependencies = (
			);
			name = Collec;
			productName = Collec;
			productReference = 72EDA810242FA51D0098947D /* Collec.app */;
			productType = "com.apple.product-type.application";
		};
/* End PBXNativeTarget section */

/* Begin PBXProject section */
		72EDA808242FA51D0098947D /* Project object */ = {
			isa = PBXProject;
			attributes = {
				LastSwiftUpdateCheck = 1140;
				LastUpgradeCheck = 1140;
				ORGANIZATIONNAME = Aty;
				TargetAttributes = {
					72EDA80F242FA51D0098947D = {
						CreatedOnToolsVersion = 11.4;
					};
				};
			};
			buildConfigurationList = 72EDA80B242FA51D0098947D /* Build configuration list for PBXProject "Collec" */;
			compatibilityVersion = "Xcode 9.3";
			developmentRegion = en;
			hasScannedForEncodings = 0;
			knownRegions = (
				en,
				Base,
			);
			mainGroup = 72EDA807242FA51D0098947D;
			productRefGroup = 72EDA811242FA51D0098947D /* Products */;
			projectDirPath = "";
			projectRoot = "";
			targets = (
				72EDA80F242FA51D0098947D /* Collec */,
			);
		};
/* End PBXProject section */

/* Begin PBXResourcesBuildPhase section */
		72EDA80E242FA51D0098947D /* Resources */ = {
			isa = PBXResourcesBuildPhase;
			buildActionMask = 2147483647;
			files = (
				72EDA82A242FA6940098947D /* photoCell.xib in Resources */,
				72EDA820242FA5210098947D /* LaunchScreen.storyboard in Resources */,
				72EDA81D242FA5210098947D /* Assets.xcassets in Resources */,
				72EDA81B242FA51D0098947D /* Main.storyboard in Resources */,
			);
			runOnlyForDeploymentPostprocessing = 0;
		};
/* End PBXResourcesBuildPhase section */

/* Begin PBXShellScriptBuildPhase section */
		7C4429101E8352B6F18525C7 /* [CP] Embed Pods Frameworks */ = {
			isa = PBXShellScriptBuildPhase;
			buildActionMask = 2147483647;
			files = (
			);
			inputFileListPaths = (
				"${PODS_ROOT}/Target Support Files/Pods-Collec/Pods-Collec-frameworks-${CONFIGURATION}-input-files.xcfilelist",
			);
			name = "[CP] Embed Pods Frameworks";
			outputFileListPaths = (
				"${PODS_ROOT}/Target Support Files/Pods-Collec/Pods-Collec-frameworks-${CONFIGURATION}-output-files.xcfilelist",
			);
			runOnlyForDeploymentPostprocessing = 0;
			shellPath = /bin/sh;
			shellScript = "\"${PODS_ROOT}/Target Support Files/Pods-Collec/Pods-Collec-frameworks.sh\"\n";
			showEnvVarsInLog = 0;
		};
		97DA2288FF5A00532DE6312B /* [CP] Check Pods Manifest.lock */ = {
			isa = PBXShellScriptBuildPhase;
			buildActionMask = 2147483647;
			files = (
			);
			inputFileListPaths = (
			);
			inputPaths = (
				"${PODS_PODFILE_DIR_PATH}/Podfile.lock",
				"${PODS_ROOT}/Manifest.lock",
			);
			name = "[CP] Check Pods Manifest.lock";
			outputFileListPaths = (
			);
			outputPaths = (
				"$(DERIVED_FILE_DIR)/Pods-Collec-checkManifestLockResult.txt",
			);
			runOnlyForDeploymentPostprocessing = 0;
			shellPath = /bin/sh;
			shellScript = "diff \"${PODS_PODFILE_DIR_PATH}/Podfile.lock\" \"${PODS_ROOT}/Manifest.lock\" > /dev/null\nif [ $? != 0 ] ; then\n    # print error to STDERR\n    echo \"error: The sandbox is not in sync with the Podfile.lock. Run 'pod install' or update your CocoaPods installation.\" >&2\n    exit 1\nfi\n# This output is used by Xcode 'outputs' to avoid re-running this script phase.\necho \"SUCCESS\" > \"${SCRIPT_OUTPUT_FILE_0}\"\n";
			showEnvVarsInLog = 0;
		};
/* End PBXShellScriptBuildPhase section */

/* Begin PBXSourcesBuildPhase section */
		72EDA80C242FA51D0098947D /* Sources */ = {
			isa = PBXSourcesBuildPhase;
			buildActionMask = 2147483647;
			files = (
				72EDA829242FA6940098947D /* photoCell.swift in Sources */,
				72EDA818242FA51D0098947D /* ViewController.swift in Sources */,
				72EDA814242FA51D0098947D /* AppDelegate.swift in Sources */,
				72EDA816242FA51D0098947D /* SceneDelegate.swift in Sources */,
			);
			runOnlyForDeploymentPostprocessing = 0;
		};
/* End PBXSourcesBuildPhase section */

/* Begin PBXVariantGroup section */
		72EDA819242FA51D0098947D /* Main.storyboard */ = {
			isa = PBXVariantGroup;
			children = (
				72EDA81A242FA51D0098947D /* Base */,
			);
			name = Main.storyboard;
			sourceTree = "<group>";
		};
		72EDA81E242FA5210098947D /* LaunchScreen.storyboard */ = {
			isa = PBXVariantGroup;
			children = (
				72EDA81F242FA5210098947D /* Base */,
			);
			name = LaunchScreen.storyboard;
			sourceTree = "<group>";
		};
/* End PBXVariantGroup section */

/* Begin XCBuildConfiguration section */
		72EDA822242FA5210098947D /* Debug */ = {
			isa = XCBuildConfiguration;
			buildSettings = {
				ALWAYS_SEARCH_USER_PATHS = NO;
				CLANG_ANALYZER_NONNULL = YES;
				CLANG_ANALYZER_NUMBER_OBJECT_CONVERSION = YES_AGGRESSIVE;
				CLANG_CXX_LANGUAGE_STANDARD = "gnu++14";
				CLANG_CXX_LIBRARY = "libc++";
				CLANG_ENABLE_MODULES = YES;
				CLANG_ENABLE_OBJC_ARC = YES;
				CLANG_ENABLE_OBJC_WEAK = YES;
				CLANG_WARN_BLOCK_CAPTURE_AUTORELEASING = YES;
				CLANG_WARN_BOOL_CONVERSION = YES;
				CLANG_WARN_COMMA = YES;
				CLANG_WARN_CONSTANT_CONVERSION = YES;
				CLANG_WARN_DEPRECATED_OBJC_IMPLEMENTATIONS = YES;
				CLANG_WARN_DIRECT_OBJC_ISA_USAGE = YES_ERROR;
				CLANG_WARN_DOCUMENTATION_COMMENTS = YES;
				CLANG_WARN_EMPTY_BODY = YES;
				CLANG_WARN_ENUM_CONVERSION = YES;
				CLANG_WARN_INFINITE_RECURSION = YES;
				CLANG_WARN_INT_CONVERSION = YES;
				CLANG_WARN_NON_LITERAL_NULL_CONVERSION = YES;
				CLANG_WARN_OBJC_IMPLICIT_RETAIN_SELF = YES;
				CLANG_WARN_OBJC_LITERAL_CONVERSION = YES;
				CLANG_WARN_OBJC_ROOT_CLASS = YES_ERROR;
				CLANG_WARN_RANGE_LOOP_ANALYSIS = YES;
				CLANG_WARN_STRICT_PROTOTYPES = YES;
				CLANG_WARN_SUSPICIOUS_MOVE = YES;
				CLANG_WARN_UNGUARDED_AVAILABILITY = YES_AGGRESSIVE;
				CLANG_WARN_UNREACHABLE_CODE = YES;
				CLANG_WARN__DUPLICATE_METHOD_MATCH = YES;
				COPY_PHASE_STRIP = NO;
				DEBUG_INFORMATION_FORMAT = dwarf;
				ENABLE_STRICT_OBJC_MSGSEND = YES;
				ENABLE_TESTABILITY = YES;
				GCC_C_LANGUAGE_STANDARD = gnu11;
				GCC_DYNAMIC_NO_PIC = NO;
				GCC_NO_COMMON_BLOCKS = YES;
				GCC_OPTIMIZATION_LEVEL = 0;
				GCC_PREPROCESSOR_DEFINITIONS = (
					"DEBUG=1",
					"$(inherited)",
				);
				GCC_WARN_64_TO_32_BIT_CONVERSION = YES;
				GCC_WARN_ABOUT_RETURN_TYPE = YES_ERROR;
				GCC_WARN_UNDECLARED_SELECTOR = YES;
				GCC_WARN_UNINITIALIZED_AUTOS = YES_AGGRESSIVE;
				GCC_WARN_UNUSED_FUNCTION = YES;
				GCC_WARN_UNUSED_VARIABLE = YES;
				IPHONEOS_DEPLOYMENT_TARGET = 13.4;
				MTL_ENABLE_DEBUG_INFO = INCLUDE_SOURCE;
				MTL_FAST_MATH = YES;
				ONLY_ACTIVE_ARCH = YES;
				SDKROOT = iphoneos;
				SWIFT_ACTIVE_COMPILATION_CONDITIONS = DEBUG;
				SWIFT_OPTIMIZATION_LEVEL = "-Onone";
			};
			name = Debug;
		};
		72EDA823242FA5210098947D /* Release */ = {
			isa = XCBuildConfiguration;
			buildSettings = {
				ALWAYS_SEARCH_USER_PATHS = NO;
				CLANG_ANALYZER_NONNULL = YES;
				CLANG_ANALYZER_NUMBER_OBJECT_CONVERSION = YES_AGGRESSIVE;
				CLANG_CXX_LANGUAGE_STANDARD = "gnu++14";
				CLANG_CXX_LIBRARY = "libc++";
				CLANG_ENABLE_MODULES = YES;
				CLANG_ENABLE_OBJC_ARC = YES;
				CLANG_ENABLE_OBJC_WEAK = YES;
				CLANG_WARN_BLOCK_CAPTURE_AUTORELEASING = YES;
				CLANG_WARN_BOOL_CONVERSION = YES;
				CLANG_WARN_COMMA = YES;
				CLANG_WARN_CONSTANT_CONVERSION = YES;
				CLANG_WARN_DEPRECATED_OBJC_IMPLEMENTATIONS = YES;
				CLANG_WARN_DIRECT_OBJC_ISA_USAGE = YES_ERROR;
				CLANG_WARN_DOCUMENTATION_COMMENTS = YES;
				CLANG_WARN_EMPTY_BODY = YES;
				CLANG_WARN_ENUM_CONVERSION = YES;
				CLANG_WARN_INFINITE_RECURSION = YES;
				CLANG_WARN_INT_CONVERSION = YES;
				CLANG_WARN_NON_LITERAL_NULL_CONVERSION = YES;
				CLANG_WARN_OBJC_IMPLICIT_RETAIN_SELF = YES;
				CLANG_WARN_OBJC_LITERAL_CONVERSION = YES;
				CLANG_WARN_OBJC_ROOT_CLASS = YES_ERROR;
				CLANG_WARN_RANGE_LOOP_ANALYSIS = YES;
				CLANG_WARN_STRICT_PROTOTYPES = YES;
				CLANG_WARN_SUSPICIOUS_MOVE = YES;
				CLANG_WARN_UNGUARDED_AVAILABILITY = YES_AGGRESSIVE;
				CLANG_WARN_UNREACHABLE_CODE = YES;
				CLANG_WARN__DUPLICATE_METHOD_MATCH = YES;
				COPY_PHASE_STRIP = NO;
				DEBUG_INFORMATION_FORMAT = "dwarf-with-dsym";
				ENABLE_NS_ASSERTIONS = NO;
				ENABLE_STRICT_OBJC_MSGSEND = YES;
				GCC_C_LANGUAGE_STANDARD = gnu11;
				GCC_NO_COMMON_BLOCKS = YES;
				GCC_WARN_64_TO_32_BIT_CONVERSION = YES;
				GCC_WARN_ABOUT_RETURN_TYPE = YES_ERROR;
				GCC_WARN_UNDECLARED_SELECTOR = YES;
				GCC_WARN_UNINITIALIZED_AUTOS = YES_AGGRESSIVE;
				GCC_WARN_UNUSED_FUNCTION = YES;
				GCC_WARN_UNUSED_VARIABLE = YES;
				IPHONEOS_DEPLOYMENT_TARGET = 13.4;
				MTL_ENABLE_DEBUG_INFO = NO;
				MTL_FAST_MATH = YES;
				SDKROOT = iphoneos;
				SWIFT_COMPILATION_MODE = wholemodule;
				SWIFT_OPTIMIZATION_LEVEL = "-O";
				VALIDATE_PRODUCT = YES;
			};
			name = Release;
		};
		72EDA825242FA5210098947D /* Debug */ = {
			isa = XCBuildConfiguration;
			baseConfigurationReference = ABE57D276DF7DC7DC0386BA0 /* Pods-Collec.debug.xcconfig */;
			buildSettings = {
				ASSETCATALOG_COMPILER_APPICON_NAME = AppIcon;
				CODE_SIGN_STYLE = Automatic;
				INFOPLIST_FILE = Collec/Info.plist;
				LD_RUNPATH_SEARCH_PATHS = (
					"$(inherited)",
					"@executable_path/Frameworks",
				);
				PRODUCT_BUNDLE_IDENTIFIER = com.aty.Collec;
				PRODUCT_NAME = "$(TARGET_NAME)";
				SWIFT_VERSION = 5.0;
				TARGETED_DEVICE_FAMILY = "1,2";
			};
			name = Debug;
		};
		72EDA826242FA5210098947D /* Release */ = {
			isa = XCBuildConfiguration;
			baseConfigurationReference = EDB05A83587323CC3B168C79 /* Pods-Collec.release.xcconfig */;
			buildSettings = {
				ASSETCATALOG_COMPILER_APPICON_NAME = AppIcon;
				CODE_SIGN_STYLE = Automatic;
				INFOPLIST_FILE = Collec/Info.plist;
				LD_RUNPATH_SEARCH_PATHS = (
					"$(inherited)",
					"@executable_path/Frameworks",
				);
				PRODUCT_BUNDLE_IDENTIFIER = com.aty.Collec;
				PRODUCT_NAME = "$(TARGET_NAME)";
				SWIFT_VERSION = 5.0;
				TARGETED_DEVICE_FAMILY = "1,2";
			};
			name = Release;
		};
/* End XCBuildConfiguration section */

/* Begin XCConfigurationList section */
		72EDA80B242FA51D0098947D /* Build configuration list for PBXProject "Collec" */ = {
			isa = XCConfigurationList;
			buildConfigurations = (
				72EDA822242FA5210098947D /* Debug */,
				72EDA823242FA5210098947D /* Release */,
			);
			defaultConfigurationIsVisible = 0;
			defaultConfigurationName = Release;
		};
		72EDA824242FA5210098947D /* Build configuration list for PBXNativeTarget "Collec" */ = {
			isa = XCConfigurationList;
			buildConfigurations = (
				72EDA825242FA5210098947D /* Debug */,
				72EDA826242FA5210098947D /* Release */,
			);
			defaultConfigurationIsVisible = 0;
			defaultConfigurationName = Release;
		};
/* End XCConfigurationList section */
	};
	rootObject = 72EDA808242FA51D0098947D /* Project object */;
}
